
Microsoft Visual Studio Solution File, Format Version 12.00
# Visual Studio Version 17
VisualStudioVersion = 17.2.32616.157
MinimumVisualStudioVersion = 10.0.40219.1
Project("{9A19103F-16F7-4668-BE54-9A1E7A4F7556}") = "PswMngConsol", "PswMngConsol\PswMngConsol.csproj", "{BB0999EF-EEC6-4EF4-BF7A-766CCAC4D782}"
EndProject
Global
	GlobalSection(SolutionConfigurationPlatforms) = preSolution
		Debug|Any CPU = Debug|Any CPU
		Release|Any CPU = Release|Any CPU
	EndGlobalSection
	GlobalSection(ProjectConfigurationPlatforms) = postSolution
		{BB0999EF-EEC6-4EF4-BF7A-766CCAC4D782}.Debug|Any CPU.ActiveCfg = Debug|Any CPU
		{BB0999EF-EEC6-4EF4-BF7A-766CCAC4D782}.Debug|Any CPU.Build.0 = Debug|Any CPU
		{BB0999EF-EEC6-4EF4-BF7A-766CCAC4D782}.Release|Any CPU.ActiveCfg = Release|Any CPU
		{BB0999EF-EEC6-4EF4-BF7A-766CCAC4D782}.Release|Any CPU.Build.0 = Release|Any CPU
	EndGlobalSection
	GlobalSection(SolutionProperties) = preSolution
		HideSolutionNode = FALSE
	EndGlobalSection
	GlobalSection(ExtensibilityGlobals) = postSolution
		SolutionGuid = {5DFCB74F-4040-4F3A-9F4E-189E908A8406}
	EndGlobalSection
EndGlobal
